
Microsoft Visual Studio Solution File, Format Version 12.00
# Visual Studio 14
VisualStudioVersion = 14.0.25420.1
MinimumVisualStudioVersion = 10.0.40219.1
Project("{FAE04EC0-301F-11D3-BF4B-00C04F79EFBC}") = "_ProductsWorkflowService", "_ProductsWorkflowService.csproj", "{F6B0D299-CBB1-4705-8B74-CC9AFDCFF62C}"
EndProject
Project("{FAE04EC0-301F-11D3-BF4B-00C04F79EFBC}") = "_ProductsModel", "..\_ProductsModel\_ProductsModel.csproj", "{F467491E-4474-4E26-9C3D-200D34690192}"
EndProject
Global
	GlobalSection(SolutionConfigurationPlatforms) = preSolution
		Debug|Any CPU = Debug|Any CPU
		Release|Any CPU = Release|Any CPU
	EndGlobalSection
	GlobalSection(ProjectConfigurationPlatforms) = postSolution
		{F6B0D299-CBB1-4705-8B74-CC9AFDCFF62C}.Debug|Any CPU.ActiveCfg = Debug|Any CPU
		{F6B0D299-CBB1-4705-8B74-CC9AFDCFF62C}.Debug|Any CPU.Build.0 = Debug|Any CPU
		{F6B0D299-CBB1-4705-8B74-CC9AFDCFF62C}.Release|Any CPU.ActiveCfg = Release|Any CPU
		{F6B0D299-CBB1-4705-8B74-CC9AFDCFF62C}.Release|Any CPU.Build.0 = Release|Any CPU
		{F467491E-4474-4E26-9C3D-200D34690192}.Debug|Any CPU.ActiveCfg = Debug|Any CPU
		{F467491E-4474-4E26-9C3D-200D34690192}.Debug|Any CPU.Build.0 = Debug|Any CPU
		{F467491E-4474-4E26-9C3D-200D34690192}.Release|Any CPU.ActiveCfg = Release|Any CPU
		{F467491E-4474-4E26-9C3D-200D34690192}.Release|Any CPU.Build.0 = Release|Any CPU
	EndGlobalSection
	GlobalSection(SolutionProperties) = preSolution
		HideSolutionNode = FALSE
	EndGlobalSection
EndGlobal
